github.com/google/pprof v0.0.0-20250125003558-7fdb3d7e6fa0 h1:my2ucqBZmv+cWHIhZNSIYKzgN8EBGyHdC7zD5sASRAg=
github.com/google/pprof v0.0.0-20250125003558-7fdb3d7e6fa0/go.mod h1:vavhavw2zAxS5dIdcRluK6cSGGPlZynqzFM8NdvU144=
github.com/pkg/errors v0.9.1 h1:FEBLx1zS214owpjy7qsBeixbURkuhQAwrK5UwLGTwt4=
github.com/pkg/errors v0.9.1/go.mod h1:bwawxfHBFNV+L2hUp1rHADufV3IMtnDRdf1r5NINEl0=
